
Microsoft Visual Studio Solution File, Format Version 12.00
# Visual Studio Version 16
VisualStudioVersion = 16.0.30309.148
MinimumVisualStudioVersion = 10.0.40219.1
Project("{9A19103F-16F7-4668-BE54-9A1E7A4F7556}") = "Demo", "Demo\Demo.csproj", "{21FF5426-754C-4764-ADC4-1140B1EB3506}"
EndProject
Project("{9A19103F-16F7-4668-BE54-9A1E7A4F7556}") = "TimingConsole", "TimingConsole\TimingConsole.csproj", "{20172AB0-990F-4570-80AB-AB10F91DD9E9}"
EndProject
Project("{9A19103F-16F7-4668-BE54-9A1E7A4F7556}") = "TimingConsole.Abstractions", "TimingConsole.Abstractions\TimingConsole.Abstractions.csproj", "{4C432938-E628-441E-8D5E-2C5DFCD722CE}"
EndProject
Global
	GlobalSection(SolutionConfigurationPlatforms) = preSolution
		Debug|Any CPU = Debug|Any CPU
		Release|Any CPU = Release|Any CPU
	EndGlobalSection
	GlobalSection(ProjectConfigurationPlatforms) = postSolution
		{21FF5426-754C-4764-ADC4-1140B1EB3506}.Debug|Any CPU.ActiveCfg = Debug|Any CPU
		{21FF5426-754C-4764-ADC4-1140B1EB3506}.Debug|Any CPU.Build.0 = Debug|Any CPU
		{21FF5426-754C-4764-ADC4-1140B1EB3506}.Release|Any CPU.ActiveCfg = Release|Any CPU
		{21FF5426-754C-4764-ADC4-1140B1EB3506}.Release|Any CPU.Build.0 = Release|Any CPU
		{20172AB0-990F-4570-80AB-AB10F91DD9E9}.Debug|Any CPU.ActiveCfg = Debug|Any CPU
		{20172AB0-990F-4570-80AB-AB10F91DD9E9}.Debug|Any CPU.Build.0 = Debug|Any CPU
		{20172AB0-990F-4570-80AB-AB10F91DD9E9}.Release|Any CPU.ActiveCfg = Release|Any CPU
		{20172AB0-990F-4570-80AB-AB10F91DD9E9}.Release|Any CPU.Build.0 = Release|Any CPU
		{4C432938-E628-441E-8D5E-2C5DFCD722CE}.Debug|Any CPU.ActiveCfg = Debug|Any CPU
		{4C432938-E628-441E-8D5E-2C5DFCD722CE}.Debug|Any CPU.Build.0 = Debug|Any CPU
		{4C432938-E628-441E-8D5E-2C5DFCD722CE}.Release|Any CPU.ActiveCfg = Release|Any CPU
		{4C432938-E628-441E-8D5E-2C5DFCD722CE}.Release|Any CPU.Build.0 = Release|Any CPU
	EndGlobalSection
	GlobalSection(SolutionProperties) = preSolution
		HideSolutionNode = FALSE
	EndGlobalSection
	GlobalSection(ExtensibilityGlobals) = postSolution
		SolutionGuid = {2A8A0812-902F-476C-AB86-6DD620C510C1}
	EndGlobalSection
EndGlobal
